version = 1
revision = 3
requires-python = ">=3.11"

[[package]]
name = "fake-bpy-module-4-5"
version = "20260730"
source = { registry = "https://pypi.org/simple" }
sdist = { url = "https://files.pythonhosted.org/packages/bd/e4/216c22184f76462a1e52d51c64af5d57134db5f17df1ccfd72dc8401e782/fake_bpy_module_4_5-20260730.tar.gz", hash = "sha256:f4e9aac5627f735f0aa28f99d6ae4c1f6c4833e6ca1ba537c552eea17b0563ef", size = 838581, upload-time = "2026-07-30T04:10:17.079Z" }
wheels = [
    { url = "https://files.pythonhosted.org/packages/9e/c0/9502daf14b9871a8271f009d39b02fdb095bb0e8a37ec5a8729288516752/fake_bpy_module_4_5-20260730-py3-none-any.whl", hash = "sha256:c6a0b6e4e0e9e5d918fbcfb6754063af89979ad64fbbb20f4a16e8a6c0ca7ae2", size = 967552, upload-time = "2026-07-30T04:10:15.422Z" },
]

[[package]]
name = "gizmotools"
version = "0.1.0"
source = { virtual = "." }

[package.dev-dependencies]
dev = [
    { name = "fake-bpy-module-4-5" },
]

[package.metadata]

[package.metadata.requires-dev]
dev = [{ name = "fake-bpy-module-4-5", specifier = ">=20260730" }]
